// !$*UTF8*$!
{
	archiveVersion = 1;
	classes = {
	};
	objectVersion = 46;
	objects = {

/* Begin PBXBuildFile section */
		BB0FE56A20897B3B006DD228 /* AppDelegate.swift in Sources */ = {isa = PBXBuildFile; fileRef = BB0FE56920897B3B006DD228 /* AppDelegate.swift */; };
		BB0FE56C20897B3B006DD228 /* ViewController.swift in Sources */ = {isa = PBXBuildFile; fileRef = BB0FE56B20897B3B006DD228 /* ViewController.swift */; };
		BB0FE56F20897B3B006DD228 /* Main.storyboard in Resources */ = {isa = PBXBuildFile; fileRef = BB0FE56D20897B3B006DD228 /* Main.storyboard */; };
		BB0FE57120897B3B006DD228 /* Assets.xcassets in Resources */ = {isa = PBXBuildFile; fileRef = BB0FE57020897B3B006DD228 /* Assets.xcassets */; };
		BB0FE57420897B3B006DD228 /* LaunchScreen.storyboard in Resources */ = {isa = PBXBuildFile; fileRef = BB0FE57220897B3B006DD228 /* LaunchScreen.storyboard */; };
		BB0FE57F20897B3B006DD228 /* caculatorTests.swift in Sources */ = {isa = PBXBuildFile; fileRef = BB0FE57E20897B3B006DD228 /* caculatorTests.swift */; };
		BB0FE58A20897B3B006DD228 /* caculatorUITests.swift in Sources */ = {isa = PBXBuildFile; fileRef = BB0FE58920897B3B006DD228 /* caculatorUITests.swift */; };
/* End PBXBuildFile section */

/* Begin PBXContainerItemProxy section */
		BB0FE57B20897B3B006DD228 /* PBXContainerItemProxy */ = {
			isa = PBXContainerItemProxy;
			containerPortal = BB0FE55E20897B3B006DD228 /* Project object */;
			proxyType = 1;
			remoteGlobalIDString = BB0FE56520897B3B006DD228;
			remoteInfo = caculator;
		};
		BB0FE58620897B3B006DD228 /* PBXContainerItemProxy */ = {
			isa = PBXContainerItemProxy;
			containerPortal = BB0FE55E20897B3B006DD228 /* Project object */;
			proxyType = 1;
			remoteGlobalIDString = BB0FE56520897B3B006DD228;
			remoteInfo = caculator;
		};
/* End PBXContainerItemProxy section */

/* Begin PBXFileReference section */
		BB0FE56620897B3B006DD228 /* caculator.app */ = {isa = PBXFileReference; explicitFileType = wrapper.application; includeInIndex = 0; path = caculator.app; sourceTree = BUILT_PRODUCTS_DIR; };
		BB0FE56920897B3B006DD228 /* AppDelegate.swift */ = {isa = PBXFileReference; lastKnownFileType = sourcecode.swift; path = AppDelegate.swift; sourceTree = "<group>"; };
		BB0FE56B20897B3B006DD228 /* ViewController.swift */ = {isa = PBXFileReference; lastKnownFileType = sourcecode.swift; path = ViewController.swift; sourceTree = "<group>"; };
		BB0FE56E20897B3B006DD228 /* Base */ = {isa = PBXFileReference; lastKnownFileType = file.storyboard; name = Base; path = Base.lproj/Main.storyboard; sourceTree = "<group>"; };
		BB0FE57020897B3B006DD228 /* Assets.xcassets */ = {isa = PBXFileReference; lastKnownFileType = folder.assetcatalog; path = Assets.xcassets; sourceTree = "<group>"; };
		BB0FE57320897B3B006DD228 /* Base */ = {isa = PBXFileReference; lastKnownFileType = file.storyboard; name = Base; path = Base.lproj/LaunchScreen.storyboard; sourceTree = "<group>"; };
		BB0FE57520897B3B006DD228 /* Info.plist */ = {isa = PBXFileReference; lastKnownFileType = text.plist.xml; path = Info.plist; sourceTree = "<group>"; };
		BB0FE57A20897B3B006DD228 /* caculatorTests.xctest */ = {isa = PBXFileReference; explicitFileType = wrapper.cfbundle; includeInIndex = 0; path = caculatorTests.xctest; sourceTree = BUILT_PRODUCTS_DIR; };
		BB0FE57E20897B3B006DD228 /* caculatorTests.swift */ = {isa = PBXFileReference; lastKnownFileType = sourcecode.swift; path = caculatorTests.swift; sourceTree = "<group>"; };
		BB0FE58020897B3B006DD228 /* Info.plist */ = {isa = PBXFileReference; lastKnownFileType = text.plist.xml; path = Info.plist; sourceTree = "<group>"; };
		BB0FE58520897B3B006DD228 /* caculatorUITests.xctest */ = {isa = PBXFileReference; explicitFileType = wrapper.cfbundle; includeInIndex = 0; path = caculatorUITests.xctest; sourceTree = BUILT_PRODUCTS_DIR; };
		BB0FE58920897B3B006DD228 /* caculatorUITests.swift */ = {isa = PBXFileReference; lastKnownFileType = sourcecode.swift; path = caculatorUITests.swift; sourceTree = "<group>"; };
		BB0FE58B20897B3B006DD228 /* Info.plist */ = {isa = PBXFileReference; lastKnownFileType = text.plist.xml; path = Info.plist; sourceTree = "<group>"; };
/* End PBXFileReference section */

/* Begin PBXFrameworksBuildPhase section */
		BB0FE56320897B3B006DD228 /* Frameworks */ = {
			isa = PBXFrameworksBuildPhase;
			buildActionMask = 2147483647;
			files = (
			);
			runOnlyForDeploymentPostprocessing = 0;
		};
		BB0FE57720897B3B006DD228 /* Frameworks */ = {
			isa = PBXFrameworksBuildPhase;
			buildActionMask = 2147483647;
			files = (
			);
			runOnlyForDeploymentPostprocessing = 0;
		};
		BB0FE58220897B3B006DD228 /* Frameworks */ = {
			isa = PBXFrameworksBuildPhase;
			buildActionMask = 2147483647;
			files = (
			);
			runOnlyForDeploymentPostprocessing = 0;
		};
/* End PBXFrameworksBuildPhase section */

/* Begin PBXGroup section */
		BB0FE55D20897B3B006DD228 = {
			isa = PBXGroup;
			children = (
				BB0FE56820897B3B006DD228 /* caculator */,
				BB0FE57D20897B3B006DD228 /* caculatorTests */,
				BB0FE58820897B3B006DD228 /* caculatorUITests */,
				BB0FE56720897B3B006DD228 /* Products */,
			);
			sourceTree = "<group>";
		};
		BB0FE56720897B3B006DD228 /* Products */ = {
			isa = PBXGroup;
			children = (
				BB0FE56620897B3B006DD228 /* caculator.app */,
				BB0FE57A20897B3B006DD228 /* caculatorTests.xctest */,
				BB0FE58520897B3B006DD228 /* caculatorUITests.xctest */,
			);
			name = Products;
			sourceTree = "<group>";
		};
		BB0FE56820897B3B006DD228 /* caculator */ = {
			isa = PBXGroup;
			children = (
				BB0FE56920897B3B006DD228 /* AppDelegate.swift */,
				BB0FE56B20897B3B006DD228 /* ViewController.swift */,
				BB0FE56D20897B3B006DD228 /* Main.storyboard */,
				BB0FE57020897B3B006DD228 /* Assets.xcassets */,
				BB0FE57220897B3B006DD228 /* LaunchScreen.storyboard */,
				BB0FE57520897B3B006DD228 /* Info.plist */,
			);
			path = caculator;
			sourceTree = "<group>";
		};
		BB0FE57D20897B3B006DD228 /* caculatorTests */ = {
			isa = PBXGroup;
			children = (
				BB0FE57E20897B3B006DD228 /* caculatorTests.swift */,
				BB0FE58020897B3B006DD228 /* Info.plist */,
			);
			path = caculatorTests;
			sourceTree = "<group>";
		};
		BB0FE58820897B3B006DD228 /* caculatorUITests */ = {
			isa = PBXGroup;
			children = (
				BB0FE58920897B3B006DD228 /* caculatorUITests.swift */,
				BB0FE58B20897B3B006DD228 /* Info.plist */,
			);
			path = caculatorUITests;
			sourceTree = "<group>";
		};
/* End PBXGroup section */

/* Begin PBXNativeTarget section */
		BB0FE56520897B3B006DD228 /* caculator */ = {
			isa = PBXNativeTarget;
			buildConfigurationList = BB0FE58E20897B3B006DD228 /* Build configuration list for PBXNativeTarget "caculator" */;
			buildPhases = (
				BB0FE56220897B3B006DD228 /* Sources */,
				BB0FE56320897B3B006DD228 /* Frameworks */,
				BB0FE56420897B3B006DD228 /* Resources */,
			);
			buildRules = (
			);
			dependencies = (
			);
			name = caculator;
			productName = caculator;
			productReference = BB0FE56620897B3B006DD228 /* caculator.app */;
			productType = "com.apple.product-type.application";
		};
		BB0FE57920897B3B006DD228 /* caculatorTests */ = {
			isa = PBXNativeTarget;
			buildConfigurationList = BB0FE59120897B3B006DD228 /* Build configuration list for PBXNativeTarget "caculatorTests" */;
			buildPhases = (
				BB0FE57620897B3B006DD228 /* Sources */,
				BB0FE57720897B3B006DD228 /* Frameworks */,
				BB0FE57820897B3B006DD228 /* Resources */,
			);
			buildRules = (
			);
			dependencies = (
				BB0FE57C20897B3B006DD228 /* PBXTargetDependency */,
			);
			name = caculatorTests;
			productName = caculatorTests;
			productReference = BB0FE57A20897B3B006DD228 /* caculatorTests.xctest */;
			productType = "com.apple.product-type.bundle.unit-test";
		};
		BB0FE58420897B3B006DD228 /* caculatorUITests */ = {
			isa = PBXNativeTarget;
			buildConfigurationList = BB0FE59420897B3B006DD228 /* Build configuration list for PBXNativeTarget "caculatorUITests" */;
			buildPhases = (
				BB0FE58120897B3B006DD228 /* Sources */,
				BB0FE58220897B3B006DD228 /* Frameworks */,
				BB0FE58320897B3B006DD228 /* Resources */,
			);
			buildRules = (
			);
			dependencies = (
				BB0FE58720897B3B006DD228 /* PBXTargetDependency */,
			);
			name = caculatorUITests;
			productName = caculatorUITests;
			productReference = BB0FE58520897B3B006DD228 /* caculatorUITests.xctest */;
			productType = "com.apple.product-type.bundle.ui-testing";
		};
/* End PBXNativeTarget section */

/* Begin PBXProject section */
		BB0FE55E20897B3B006DD228 /* Project object */ = {
			isa = PBXProject;
			attributes = {
				LastSwiftUpdateCheck = 0830;
				LastUpgradeCheck = 0830;
				ORGANIZATIONNAME = Nhom12;
				TargetAttributes = {
					BB0FE56520897B3B006DD228 = {
						CreatedOnToolsVersion = 8.3.3;
						ProvisioningStyle = Automatic;
					};
					BB0FE57920897B3B006DD228 = {
						CreatedOnToolsVersion = 8.3.3;
						ProvisioningStyle = Automatic;
						TestTargetID = BB0FE56520897B3B006DD228;
					};
					BB0FE58420897B3B006DD228 = {
						CreatedOnToolsVersion = 8.3.3;
						ProvisioningStyle = Automatic;
						TestTargetID = BB0FE56520897B3B006DD228;
					};
				};
			};
			buildConfigurationList = BB0FE56120897B3B006DD228 /* Build configuration list for PBXProject "caculator" */;
			compatibilityVersion = "Xcode 3.2";
			developmentRegion = English;
			hasScannedForEncodings = 0;
			knownRegions = (
				en,
				Base,
			);
			mainGroup = BB0FE55D20897B3B006DD228;
			productRefGroup = BB0FE56720897B3B006DD228 /* Products */;
			projectDirPath = "";
			projectRoot = "";
			targets = (
				BB0FE56520897B3B006DD228 /* caculator */,
				BB0FE57920897B3B006DD228 /* caculatorTests */,
				BB0FE58420897B3B006DD228 /* caculatorUITests */,
			);
		};
/* End PBXProject section */

/* Begin PBXResourcesBuildPhase section */
		BB0FE56420897B3B006DD228 /* Resources */ = {
			isa = PBXResourcesBuildPhase;
			buildActionMask = 2147483647;
			files = (
				BB0FE57420897B3B006DD228 /* LaunchScreen.storyboard in Resources */,
				BB0FE57120897B3B006DD228 /* Assets.xcassets in Resources */,
				BB0FE56F20897B3B006DD228 /* Main.storyboard in Resources */,
			);
			runOnlyForDeploymentPostprocessing = 0;
		};
		BB0FE57820897B3B006DD228 /* Resources */ = {
			isa = PBXResourcesBuildPhase;
			buildActionMask = 2147483647;
			files = (
			);
			runOnlyForDeploymentPostprocessing = 0;
		};
		BB0FE58320897B3B006DD228 /* Resources */ = {
			isa = PBXResourcesBuildPhase;
			buildActionMask = 2147483647;
			files = (
			);
			runOnlyForDeploymentPostprocessing = 0;
		};
/* End PBXResourcesBuildPhase section */

/* Begin PBXSourcesBuildPhase section */
		BB0FE56220897B3B006DD228 /* Sources */ = {
			isa = PBXSourcesBuildPhase;
			buildActionMask = 2147483647;
			files = (
				BB0FE56C20897B3B006DD228 /* ViewController.swift in Sources */,
				BB0FE56A20897B3B006DD228 /* AppDelegate.swift in Sources */,
			);
			runOnlyForDeploymentPostprocessing = 0;
		};
		BB0FE57620897B3B006DD228 /* Sources */ = {
			isa = PBXSourcesBuildPhase;
			buildActionMask = 2147483647;
			files = (
				BB0FE57F20897B3B006DD228 /* caculatorTests.swift in Sources */,
			);
			runOnlyForDeploymentPostprocessing = 0;
		};
		BB0FE58120897B3B006DD228 /* Sources */ = {
			isa = PBXSourcesBuildPhase;
			buildActionMask = 2147483647;
			files = (
				BB0FE58A20897B3B006DD228 /* caculatorUITests.swift in Sources */,
			);
			runOnlyForDeploymentPostprocessing = 0;
		};
/* End PBXSourcesBuildPhase section */

/* Begin PBXTargetDependency section */
		BB0FE57C20897B3B006DD228 /* PBXTargetDependency */ = {
			isa = PBXTargetDependency;
			target = BB0FE56520897B3B006DD228 /* caculator */;
			targetProxy = BB0FE57B20897B3B006DD228 /* PBXContainerItemProxy */;
		};
		BB0FE58720897B3B006DD228 /* PBXTargetDependency */ = {
			isa = PBXTargetDependency;
			target = BB0FE56520897B3B006DD228 /* caculator */;
			targetProxy = BB0FE58620897B3B006DD228 /* PBXContainerItemProxy */;
		};
/* End PBXTargetDependency section */

/* Begin PBXVariantGroup section */
		BB0FE56D20897B3B006DD228 /* Main.storyboard */ = {
			isa = PBXVariantGroup;
			children = (
				BB0FE56E20897B3B006DD228 /* Base */,
			);
			name = Main.storyboard;
			sourceTree = "<group>";
		};
		BB0FE57220897B3B006DD228 /* LaunchScreen.storyboard */ = {
			isa = PBXVariantGroup;
			children = (
				BB0FE57320897B3B006DD228 /* Base */,
			);
			name = LaunchScreen.storyboard;
			sourceTree = "<group>";
		};
/* End PBXVariantGroup section */

/* Begin XCBuildConfiguration section */
		BB0FE58C20897B3B006DD228 /* Debug */ = {
			isa = XCBuildConfiguration;
			buildSettings = {
				ALWAYS_SEARCH_USER_PATHS = NO;
				CLANG_ANALYZER_NONNULL = YES;
				CLANG_ANALYZER_NUMBER_OBJECT_CONVERSION = YES_AGGRESSIVE;
				CLANG_CXX_LANGUAGE_STANDARD = "gnu++0x";
				CLANG_CXX_LIBRARY = "libc++";
				CLANG_ENABLE_MODULES = YES;
				CLANG_ENABLE_OBJC_ARC = YES;
				CLANG_WARN_BOOL_CONVERSION = YES;
				CLANG_WARN_CONSTANT_CONVERSION = YES;
				CLANG_WARN_DIRECT_OBJC_ISA_USAGE = YES_ERROR;
				CLANG_WARN_DOCUMENTATION_COMMENTS = YES;
				CLANG_WARN_EMPTY_BODY = YES;
				CLANG_WARN_ENUM_CONVERSION = YES;
				CLANG_WARN_INFINITE_RECURSION = YES;
				CLANG_WARN_INT_CONVERSION = YES;
				CLANG_WARN_OBJC_ROOT_CLASS = YES_ERROR;
				CLANG_WARN_SUSPICIOUS_MOVE = YES;
				CLANG_WARN_UNREACHABLE_CODE = YES;
				CLANG_WARN__DUPLICATE_METHOD_MATCH = YES;
				"CODE_SIGN_IDENTITY[sdk=iphoneos*]" = "iPhone Developer";
				COPY_PHASE_STRIP = NO;
				DEBUG_INFORMATION_FORMAT = dwarf;
				ENABLE_STRICT_OBJC_MSGSEND = YES;
				ENABLE_TESTABILITY = YES;
				GCC_C_LANGUAGE_STANDARD = gnu99;
				GCC_DYNAMIC_NO_PIC = NO;
				GCC_NO_COMMON_BLOCKS = YES;
				GCC_OPTIMIZATION_LEVEL = 0;
				GCC_PREPROCESSOR_DEFINITIONS = (
					"DEBUG=1",
					"$(inherited)",
				);
				GCC_WARN_64_TO_32_BIT_CONVERSION = YES;
				GCC_WARN_ABOUT_RETURN_TYPE = YES_ERROR;
				GCC_WARN_UNDECLARED_SELECTOR = YES;
				GCC_WARN_UNINITIALIZED_AUTOS = YES_AGGRESSIVE;
				GCC_WARN_UNUSED_FUNCTION = YES;
				GCC_WARN_UNUSED_VARIABLE = YES;
				IPHONEOS_DEPLOYMENT_TARGET = 10.3;
				MTL_ENABLE_DEBUG_INFO = YES;
				ONLY_ACTIVE_ARCH = YES;
				SDKROOT = iphoneos;
				SWIFT_ACTIVE_COMPILATION_CONDITIONS = DEBUG;
				SWIFT_OPTIMIZATION_LEVEL = "-Onone";
			};
			name = Debug;
		};
		BB0FE58D20897B3B006DD228 /* Release */ = {
			isa = XCBuildConfiguration;
			buildSettings = {
				ALWAYS_SEARCH_USER_PATHS = NO;
				CLANG_ANALYZER_NONNULL = YES;
				CLANG_ANALYZER_NUMBER_OBJECT_CONVERSION = YES_AGGRESSIVE;
				CLANG_CXX_LANGUAGE_STANDARD = "gnu++0x";
				CLANG_CXX_LIBRARY = "libc++";
				CLANG_ENABLE_MODULES = YES;
				CLANG_ENABLE_OBJC_ARC = YES;
				CLANG_WARN_BOOL_CONVERSION = YES;
				CLANG_WARN_CONSTANT_CONVERSION = YES;
				CLANG_WARN_DIRECT_OBJC_ISA_USAGE = YES_ERROR;
				CLANG_WARN_DOCUMENTATION_COMMENTS = YES;
				CLANG_WARN_EMPTY_BODY = YES;
				CLANG_WARN_ENUM_CONVERSION = YES;
				CLANG_WARN_INFINITE_RECURSION = YES;
				CLANG_WARN_INT_CONVERSION = YES;
				CLANG_WARN_OBJC_ROOT_CLASS = YES_ERROR;
				CLANG_WARN_SUSPICIOUS_MOVE = YES;
				CLANG_WARN_UNREACHABLE_CODE = YES;
				CLANG_WARN__DUPLICATE_METHOD_MATCH = YES;
				"CODE_SIGN_IDENTITY[sdk=iphoneos*]" = "iPhone Developer";
				COPY_PHASE_STRIP = NO;
				DEBUG_INFORMATION_FORMAT = "dwarf-with-dsym";
				ENABLE_NS_ASSERTIONS = NO;
				ENABLE_STRICT_OBJC_MSGSEND = YES;
				GCC_C_LANGUAGE_STANDARD = gnu99;
				GCC_NO_COMMON_BLOCKS = YES;
				GCC_WARN_64_TO_32_BIT_CONVERSION = YES;
				GCC_WARN_ABOUT_RETURN_TYPE = YES_ERROR;
				GCC_WARN_UNDECLARED_SELECTOR = YES;
				GCC_WARN_UNINITIALIZED_AUTOS = YES_AGGRESSIVE;
				GCC_WARN_UNUSED_FUNCTION = YES;
				GCC_WARN_UNUSED_VARIABLE = YES;
				IPHONEOS_DEPLOYMENT_TARGET = 10.3;
				MTL_ENABLE_DEBUG_INFO = NO;
				SDKROOT = iphoneos;
				SWIFT_OPTIMIZATION_LEVEL = "-Owholemodule";
				VALIDATE_PRODUCT = YES;
			};
			name = Release;
		};
		BB0FE58F20897B3B006DD228 /* Debug */ = {
			isa = XCBuildConfiguration;
			buildSettings = {
				ASSETCATALOG_COMPILER_APPICON_NAME = AppIcon;
				INFOPLIST_FILE = caculator/Info.plist;
				LD_RUNPATH_SEARCH_PATHS = "$(inherited) @executable_path/Frameworks";
				PRODUCT_BUNDLE_IDENTIFIER = "-444.caculator";
				PRODUCT_NAME = "$(TARGET_NAME)";
				SWIFT_VERSION = 3.0;
			};
			name = Debug;
		};
		BB0FE59020897B3B006DD228 /* Release */ = {
			isa = XCBuildConfiguration;
			buildSettings = {
				ASSETCATALOG_COMPILER_APPICON_NAME = AppIcon;
				INFOPLIST_FILE = caculator/Info.plist;
				LD_RUNPATH_SEARCH_PATHS = "$(inherited) @executable_path/Frameworks";
				PRODUCT_BUNDLE_IDENTIFIER = "-444.caculator";
				PRODUCT_NAME = "$(TARGET_NAME)";
				SWIFT_VERSION = 3.0;
			};
			name = Release;
		};
		BB0FE59220897B3B006DD228 /* Debug */ = {
			isa = XCBuildConfiguration;
			buildSettings = {
				ALWAYS_EMBED_SWIFT_STANDARD_LIBRARIES = YES;
				BUNDLE_LOADER = "$(TEST_HOST)";
				INFOPLIST_FILE = caculatorTests/Info.plist;
				LD_RUNPATH_SEARCH_PATHS = "$(inherited) @executable_path/Frameworks @loader_path/Frameworks";
				PRODUCT_BUNDLE_IDENTIFIER = "-444.caculatorTests";
				PRODUCT_NAME = "$(TARGET_NAME)";
				SWIFT_VERSION = 3.0;
				TEST_HOST = "$(BUILT_PRODUCTS_DIR)/caculator.app/caculator";
			};
			name = Debug;
		};
		BB0FE59320897B3B006DD228 /* Release */ = {
			isa = XCBuildConfiguration;
			buildSettings = {
				ALWAYS_EMBED_SWIFT_STANDARD_LIBRARIES = YES;
				BUNDLE_LOADER = "$(TEST_HOST)";
				INFOPLIST_FILE = caculatorTests/Info.plist;
				LD_RUNPATH_SEARCH_PATHS = "$(inherited) @executable_path/Frameworks @loader_path/Frameworks";
				PRODUCT_BUNDLE_IDENTIFIER = "-444.caculatorTests";
				PRODUCT_NAME = "$(TARGET_NAME)";
				SWIFT_VERSION = 3.0;
				TEST_HOST = "$(BUILT_PRODUCTS_DIR)/caculator.app/caculator";
			};
			name = Release;
		};
		BB0FE59520897B3B006DD228 /* Debug */ = {
			isa = XCBuildConfiguration;
			buildSettings = {
				ALWAYS_EMBED_SWIFT_STANDARD_LIBRARIES = YES;
				INFOPLIST_FILE = caculatorUITests/Info.plist;
				LD_RUNPATH_SEARCH_PATHS = "$(inherited) @executable_path/Frameworks @loader_path/Frameworks";
				PRODUCT_BUNDLE_IDENTIFIER = "-444.caculatorUITests";
				PRODUCT_NAME = "$(TARGET_NAME)";
				SWIFT_VERSION = 3.0;
				TEST_TARGET_NAME = caculator;
			};
			name = Debug;
		};
		BB0FE59620897B3B006DD228 /* Release */ = {
			isa = XCBuildConfiguration;
			buildSettings = {
				ALWAYS_EMBED_SWIFT_STANDARD_LIBRARIES = YES;
				INFOPLIST_FILE = caculatorUITests/Info.plist;
				LD_RUNPATH_SEARCH_PATHS = "$(inherited) @executable_path/Frameworks @loader_path/Frameworks";
				PRODUCT_BUNDLE_IDENTIFIER = "-444.caculatorUITests";
				PRODUCT_NAME = "$(TARGET_NAME)";
				SWIFT_VERSION = 3.0;
				TEST_TARGET_NAME = caculator;
			};
			name = Release;
		};
/* End XCBuildConfiguration section */

/* Begin XCConfigurationList section */
		BB0FE56120897B3B006DD228 /* Build configuration list for PBXProject "caculator" */ = {
			isa = XCConfigurationList;
			buildConfigurations = (
				BB0FE58C20897B3B006DD228 /* Debug */,
				BB0FE58D20897B3B006DD228 /* Release */,
			);
			defaultConfigurationIsVisible = 0;
			defaultConfigurationName = Release;
		};
		BB0FE58E20897B3B006DD228 /* Build configuration list for PBXNativeTarget "caculator" */ = {
			isa = XCConfigurationList;
			buildConfigurations = (
				BB0FE58F20897B3B006DD228 /* Debug */,
				BB0FE59020897B3B006DD228 /* Release */,
			);
			defaultConfigurationIsVisible = 0;
		};
		BB0FE59120897B3B006DD228 /* Build configuration list for PBXNativeTarget "caculatorTests" */ = {
			isa = XCConfigurationList;
			buildConfigurations = (
				BB0FE59220897B3B006DD228 /* Debug */,
				BB0FE59320897B3B006DD228 /* Release */,
			);
			defaultConfigurationIsVisible = 0;
		};
		BB0FE59420897B3B006DD228 /* Build configuration list for PBXNativeTarget "caculatorUITests" */ = {
			isa = XCConfigurationList;
			buildConfigurations = (
				BB0FE59520897B3B006DD228 /* Debug */,
				BB0FE59620897B3B006DD228 /* Release */,
			);
			defaultConfigurationIsVisible = 0;
		};
/* End XCConfigurationList section */
	};
	rootObject = BB0FE55E20897B3B006DD228 /* Project object */;
}
